
Microsoft Visual Studio Solution File, Format Version 12.00
# Visual Studio Version 16
VisualStudioVersion = 16.0.31515.178
MinimumVisualStudioVersion = 10.0.40219.1
Project("{2150E333-8FDC-42A3-9474-1A3956D46DE8}") = "src", "src", "{141DAFAD-61BF-4DAB-84FD-6206A697F37A}"
EndProject
Project("{2150E333-8FDC-42A3-9474-1A3956D46DE8}") = "test", "test", "{E2CA904F-3CE9-4118-BA2D-D9674BC4B188}"
EndProject
Project("{2150E333-8FDC-42A3-9474-1A3956D46DE8}") = "Api", "Api", "{153F553F-31FE-427B-AFA7-D4BEBD3ECB19}"
EndProject
Project("{2150E333-8FDC-42A3-9474-1A3956D46DE8}") = "App", "App", "{A9469D26-CAB4-44EF-B906-F94C58B7605B}"
EndProject
Project("{2150E333-8FDC-42A3-9474-1A3956D46DE8}") = "Domain", "Domain", "{AB55533C-4AA6-432D-AA5C-6D6F00DC73A7}"
EndProject
Project("{2150E333-8FDC-42A3-9474-1A3956D46DE8}") = "Infra", "Infra", "{9C2802FD-E2AC-45E1-A4DC-1B995EDC7ABB}"
EndProject
Project("{FAE04EC0-301F-11D3-BF4B-00C04F79EFBC}") = "Paychecks.Api", "src\Paychecks.Api\Paychecks.Api.csproj", "{5A8407E7-391F-4E11-95DE-E046B4049239}"
EndProject
Project("{FAE04EC0-301F-11D3-BF4B-00C04F79EFBC}") = "Paychecks.App", "src\Paychecks.App\Paychecks.App.csproj", "{205525F6-6438-4230-942A-C91322B90E86}"
EndProject
Project("{FAE04EC0-301F-11D3-BF4B-00C04F79EFBC}") = "Paychecks.Domain", "src\Paychecks.Domain\Paychecks.Domain.csproj", "{86DE46FA-2C36-4E2B-AECA-218231CF0088}"
EndProject
Project("{FAE04EC0-301F-11D3-BF4B-00C04F79EFBC}") = "Paychecks.Infra.Data", "src\Paychecks.Infra.Data\Paychecks.Infra.Data.csproj", "{6642D628-FB0A-4688-B7D7-5BBDE707E25A}"
EndProject
Project("{FAE04EC0-301F-11D3-BF4B-00C04F79EFBC}") = "Paychecks.Infra.IoC", "src\Paychecks.Infra.IoC\Paychecks.Infra.IoC.csproj", "{D88F7E39-2FBB-4229-9FCA-D2846B64F954}"
EndProject
Global
	GlobalSection(SolutionConfigurationPlatforms) = preSolution
		Debug|Any CPU = Debug|Any CPU
		Release|Any CPU = Release|Any CPU
	EndGlobalSection
	GlobalSection(ProjectConfigurationPlatforms) = postSolution
		{5A8407E7-391F-4E11-95DE-E046B4049239}.Debug|Any CPU.ActiveCfg = Debug|Any CPU
		{5A8407E7-391F-4E11-95DE-E046B4049239}.Debug|Any CPU.Build.0 = Debug|Any CPU
		{5A8407E7-391F-4E11-95DE-E046B4049239}.Release|Any CPU.ActiveCfg = Release|Any CPU
		{5A8407E7-391F-4E11-95DE-E046B4049239}.Release|Any CPU.Build.0 = Release|Any CPU
		{205525F6-6438-4230-942A-C91322B90E86}.Debug|Any CPU.ActiveCfg = Debug|Any CPU
		{205525F6-6438-4230-942A-C91322B90E86}.Debug|Any CPU.Build.0 = Debug|Any CPU
		{205525F6-6438-4230-942A-C91322B90E86}.Release|Any CPU.ActiveCfg = Release|Any CPU
		{205525F6-6438-4230-942A-C91322B90E86}.Release|Any CPU.Build.0 = Release|Any CPU
		{86DE46FA-2C36-4E2B-AECA-218231CF0088}.Debug|Any CPU.ActiveCfg = Debug|Any CPU
		{86DE46FA-2C36-4E2B-AECA-218231CF0088}.Debug|Any CPU.Build.0 = Debug|Any CPU
		{86DE46FA-2C36-4E2B-AECA-218231CF0088}.Release|Any CPU.ActiveCfg = Release|Any CPU
		{86DE46FA-2C36-4E2B-AECA-218231CF0088}.Release|Any CPU.Build.0 = Release|Any CPU
		{6642D628-FB0A-4688-B7D7-5BBDE707E25A}.Debug|Any CPU.ActiveCfg = Debug|Any CPU
		{6642D628-FB0A-4688-B7D7-5BBDE707E25A}.Debug|Any CPU.Build.0 = Debug|Any CPU
		{6642D628-FB0A-4688-B7D7-5BBDE707E25A}.Release|Any CPU.ActiveCfg = Release|Any CPU
		{6642D628-FB0A-4688-B7D7-5BBDE707E25A}.Release|Any CPU.Build.0 = Release|Any CPU
		{D88F7E39-2FBB-4229-9FCA-D2846B64F954}.Debug|Any CPU.ActiveCfg = Debug|Any CPU
		{D88F7E39-2FBB-4229-9FCA-D2846B64F954}.Debug|Any CPU.Build.0 = Debug|Any CPU
		{D88F7E39-2FBB-4229-9FCA-D2846B64F954}.Release|Any CPU.ActiveCfg = Release|Any CPU
		{D88F7E39-2FBB-4229-9FCA-D2846B64F954}.Release|Any CPU.Build.0 = Release|Any CPU
	EndGlobalSection
	GlobalSection(SolutionProperties) = preSolution
		HideSolutionNode = FALSE
	EndGlobalSection
	GlobalSection(NestedProjects) = preSolution
		{153F553F-31FE-427B-AFA7-D4BEBD3ECB19} = {141DAFAD-61BF-4DAB-84FD-6206A697F37A}
		{A9469D26-CAB4-44EF-B906-F94C58B7605B} = {141DAFAD-61BF-4DAB-84FD-6206A697F37A}
		{AB55533C-4AA6-432D-AA5C-6D6F00DC73A7} = {141DAFAD-61BF-4DAB-84FD-6206A697F37A}
		{9C2802FD-E2AC-45E1-A4DC-1B995EDC7ABB} = {141DAFAD-61BF-4DAB-84FD-6206A697F37A}
		{5A8407E7-391F-4E11-95DE-E046B4049239} = {153F553F-31FE-427B-AFA7-D4BEBD3ECB19}
		{205525F6-6438-4230-942A-C91322B90E86} = {A9469D26-CAB4-44EF-B906-F94C58B7605B}
		{86DE46FA-2C36-4E2B-AECA-218231CF0088} = {AB55533C-4AA6-432D-AA5C-6D6F00DC73A7}
		{6642D628-FB0A-4688-B7D7-5BBDE707E25A} = {9C2802FD-E2AC-45E1-A4DC-1B995EDC7ABB}
		{D88F7E39-2FBB-4229-9FCA-D2846B64F954} = {9C2802FD-E2AC-45E1-A4DC-1B995EDC7ABB}
	EndGlobalSection
	GlobalSection(ExtensibilityGlobals) = postSolution
		SolutionGuid = {24BC1898-0D44-4A64-8A3E-93AA4052DA1A}
	EndGlobalSection
EndGlobal
